
Microsoft Visual Studio Solution File, Format Version 12.00
# Visual Studio Version 16
VisualStudioVersion = 16.0.30503.244
MinimumVisualStudioVersion = 10.0.40219.1
Project("{FAE04EC0-301F-11D3-BF4B-00C04F79EFBC}") = "Caesar cipher", "Caesar cipher\Caesar cipher.csproj", "{F4781C6E-83DC-4863-A3C8-935AAC0C1AB5}"
EndProject
Project("{FAE04EC0-301F-11D3-BF4B-00C04F79EFBC}") = "Caesar cipher Tests", "Caesar cipher Tests\Caesar cipher Tests.csproj", "{CEFF8695-2879-413F-AA14-425EB02B90B8}"
EndProject
Global
	GlobalSection(SolutionConfigurationPlatforms) = preSolution
		Debug|Any CPU = Debug|Any CPU
		Release|Any CPU = Release|Any CPU
	EndGlobalSection
	GlobalSection(ProjectConfigurationPlatforms) = postSolution
		{F4781C6E-83DC-4863-A3C8-935AAC0C1AB5}.Debug|Any CPU.ActiveCfg = Debug|Any CPU
		{F4781C6E-83DC-4863-A3C8-935AAC0C1AB5}.Debug|Any CPU.Build.0 = Debug|Any CPU
		{F4781C6E-83DC-4863-A3C8-935AAC0C1AB5}.Release|Any CPU.ActiveCfg = Release|Any CPU
		{F4781C6E-83DC-4863-A3C8-935AAC0C1AB5}.Release|Any CPU.Build.0 = Release|Any CPU
		{CEFF8695-2879-413F-AA14-425EB02B90B8}.Debug|Any CPU.ActiveCfg = Debug|Any CPU
		{CEFF8695-2879-413F-AA14-425EB02B90B8}.Debug|Any CPU.Build.0 = Debug|Any CPU
		{CEFF8695-2879-413F-AA14-425EB02B90B8}.Release|Any CPU.ActiveCfg = Release|Any CPU
		{CEFF8695-2879-413F-AA14-425EB02B90B8}.Release|Any CPU.Build.0 = Release|Any CPU
	EndGlobalSection
	GlobalSection(SolutionProperties) = preSolution
		HideSolutionNode = FALSE
	EndGlobalSection
	GlobalSection(ExtensibilityGlobals) = postSolution
		SolutionGuid = {A008576F-7FA8-40C3-9574-616A20B69D95}
	EndGlobalSection
EndGlobal
